version = 1
revision = 3
requires-python = ">=3.10"

[[package]]
name = "db"
version = "0.1.0"
source = { editable = "." }
dependencies = [
    { name = "neomodel" },
]

[package.metadata]
requires-dist = [{ name = "neomodel", specifier = ">=6.0.1" }]

[[package]]
name = "neo4j"
version = "6.0.3"
source = { registry = "https://pypi.org/simple" }
dependencies = [
    { name = "pytz" },
]
sdist = { url = "https://files.pythonhosted.org/packages/60/b2/87534fc0520e5f9db1432bacc3f8d0ce024608010babc4f65b96e0c34906/neo4j-6.0.3.tar.gz", hash = "sha256:7fb79e166e281aafd67d521f6611763ebcdc529f26db506c5605f91ddcd825ea", size = 239653, upload-time = "2025-11-06T16:57:57.012Z" }
wheels = [
    { url = "https://files.pythonhosted.org/packages/ba/fe/55ed1d4636defb57fae1f7be7818820aa8071d45949c91ef8649930e70c5/neo4j-6.0.3-py3-none-any.whl", hash = "sha256:a92023854da96aed4270e0d03d6429cdd7f0d3335eae977370934f4732de5678", size = 325433, upload-time = "2025-11-06T16:57:55.03Z" },
]

[[package]]
name = "neomodel"
version = "6.0.1"
source = { registry = "https://pypi.org/simple" }
dependencies = [
    { name = "neo4j" },
]
sdist = { url = "https://files.pythonhosted.org/packages/47/33/8e408fb3736a7248acbe6816e3c0cbd9f5b4fd22fc82a99fac923497edff/neomodel-6.0.1.tar.gz", hash = "sha256:13744659ff41d7a1a154af46b21f510b22fe2361940c7884ded0f18659a756de", size = 241516, upload-time = "2025-12-31T09:27:58.418Z" }
wheels = [
    { url = "https://files.pythonhosted.org/packages/a2/df/1b92e852019a08773ee4b8ffae1b8b3d121c2d94dffbc2ef1f6df66d646b/neomodel-6.0.1-py3-none-any.whl", hash = "sha256:870b43a9ef6830772197ac6398eb4a058281335449588802cb6c9328b3d9dd40", size = 284737, upload-time = "2025-12-31T09:27:57.197Z" },
]

[[package]]
name = "pytz"
version = "2025.2"
source = { registry = "https://pypi.org/simple" }
sdist = { url = "https://files.pythonhosted.org/packages/f8/bf/abbd3cdfb8fbc7fb3d4d38d320f2441b1e7cbe29be4f23797b4a2b5d8aac/pytz-2025.2.tar.gz", hash = "sha256:360b9e3dbb49a209c21ad61809c7fb453643e048b38924c765813546746e81c3", size = 320884, upload-time = "2025-03-25T02:25:00.538Z" }
wheels = [
    { url = "https://files.pythonhosted.org/packages/81/c4/34e93fe5f5429d7570ec1fa436f1986fb1f00c3e0f43a589fe2bbcd22c3f/pytz-2025.2-py2.py3-none-any.whl", hash = "sha256:5ddf76296dd8c44c26eb8f4b6f35488f3ccbf6fbbd7adee0b7262d43f0ec2f00", size = 509225, upload-time = "2025-03-25T02:24:58.468Z" },
]
